// !$*UTF8*$!
{
	archiveVersion = 1;
	classes = {
	};
	objectVersion = 46;
	objects = {

/* Begin PBXBuildFile section */
		D4429BE5193FDB7A00F1E910 /* SnakeView.swift in Sources */ = {isa = PBXBuildFile; fileRef = D4429BE4193FDB7A00F1E910 /* SnakeView.swift */; };
		D4429BE6193FECE400F1E910 /* Snake.swift in Sources */ = {isa = PBXBuildFile; fileRef = D4F3B162193F780C00D11DE2 /* Snake.swift */; };
		D4F3B146193F777800D11DE2 /* AppDelegate.swift in Sources */ = {isa = PBXBuildFile; fileRef = D4F3B145193F777800D11DE2 /* AppDelegate.swift */; };
		D4F3B148193F777800D11DE2 /* ViewController.swift in Sources */ = {isa = PBXBuildFile; fileRef = D4F3B147193F777800D11DE2 /* ViewController.swift */; };
		D4F3B14B193F777800D11DE2 /* Main.storyboard in Resources */ = {isa = PBXBuildFile; fileRef = D4F3B149193F777800D11DE2 /* Main.storyboard */; };
		D4F3B14D193F777800D11DE2 /* Images.xcassets in Resources */ = {isa = PBXBuildFile; fileRef = D4F3B14C193F777800D11DE2 /* Images.xcassets */; };
		D4F3B159193F777800D11DE2 /* SwiftSnakeTests.swift in Sources */ = {isa = PBXBuildFile; fileRef = D4F3B158193F777800D11DE2 /* SwiftSnakeTests.swift */; };
		D4F3B163193F780C00D11DE2 /* Snake.swift in Sources */ = {isa = PBXBuildFile; fileRef = D4F3B162193F780C00D11DE2 /* Snake.swift */; };
/* End PBXBuildFile section */

/* Begin PBXContainerItemProxy section */
		D4F3B153193F777800D11DE2 /* PBXContainerItemProxy */ = {
			isa = PBXContainerItemProxy;
			containerPortal = D4F3B138193F777800D11DE2 /* Project object */;
			proxyType = 1;
			remoteGlobalIDString = D4F3B13F193F777800D11DE2;
			remoteInfo = SwiftSnake;
		};
/* End PBXContainerItemProxy section */

/* Begin PBXFileReference section */
		D4429BE4193FDB7A00F1E910 /* SnakeView.swift */ = {isa = PBXFileReference; fileEncoding = 4; lastKnownFileType = sourcecode.swift; path = SnakeView.swift; sourceTree = "<group>"; };
		D4F3B140193F777800D11DE2 /* SwiftSnake.app */ = {isa = PBXFileReference; explicitFileType = wrapper.application; includeInIndex = 0; path = SwiftSnake.app; sourceTree = BUILT_PRODUCTS_DIR; };
		D4F3B144193F777800D11DE2 /* Info.plist */ = {isa = PBXFileReference; lastKnownFileType = text.plist.xml; path = Info.plist; sourceTree = "<group>"; };
		D4F3B145193F777800D11DE2 /* AppDelegate.swift */ = {isa = PBXFileReference; lastKnownFileType = sourcecode.swift; path = AppDelegate.swift; sourceTree = "<group>"; };
		D4F3B147193F777800D11DE2 /* ViewController.swift */ = {isa = PBXFileReference; lastKnownFileType = sourcecode.swift; path = ViewController.swift; sourceTree = "<group>"; };
		D4F3B14A193F777800D11DE2 /* Base */ = {isa = PBXFileReference; lastKnownFileType = file.storyboard; name = Base; path = Base.lproj/Main.storyboard; sourceTree = "<group>"; };
		D4F3B14C193F777800D11DE2 /* Images.xcassets */ = {isa = PBXFileReference; lastKnownFileType = folder.assetcatalog; path = Images.xcassets; sourceTree = "<group>"; };
		D4F3B152193F777800D11DE2 /* SwiftSnakeTests.xctest */ = {isa = PBXFileReference; explicitFileType = wrapper.cfbundle; includeInIndex = 0; path = SwiftSnakeTests.xctest; sourceTree = BUILT_PRODUCTS_DIR; };
		D4F3B157193F777800D11DE2 /* Info.plist */ = {isa = PBXFileReference; lastKnownFileType = text.plist.xml; path = Info.plist; sourceTree = "<group>"; };
		D4F3B158193F777800D11DE2 /* SwiftSnakeTests.swift */ = {isa = PBXFileReference; lastKnownFileType = sourcecode.swift; path = SwiftSnakeTests.swift; sourceTree = "<group>"; };
		D4F3B162193F780C00D11DE2 /* Snake.swift */ = {isa = PBXFileReference; fileEncoding = 4; lastKnownFileType = sourcecode.swift; path = Snake.swift; sourceTree = "<group>"; };
/* End PBXFileReference section */

/* Begin PBXFrameworksBuildPhase section */
		D4F3B13D193F777800D11DE2 /* Frameworks */ = {
			isa = PBXFrameworksBuildPhase;
			buildActionMask = 2147483647;
			files = (
			);
			runOnlyForDeploymentPostprocessing = 0;
		};
		D4F3B14F193F777800D11DE2 /* Frameworks */ = {
			isa = PBXFrameworksBuildPhase;
			buildActionMask = 2147483647;
			files = (
			);
			runOnlyForDeploymentPostprocessing = 0;
		};
/* End PBXFrameworksBuildPhase section */

/* Begin PBXGroup section */
		D4F3B137193F777800D11DE2 = {
			isa = PBXGroup;
			children = (
				D4F3B142193F777800D11DE2 /* SwiftSnake */,
				D4F3B155193F777800D11DE2 /* SwiftSnakeTests */,
				D4F3B141193F777800D11DE2 /* Products */,
			);
			sourceTree = "<group>";
		};
		D4F3B141193F777800D11DE2 /* Products */ = {
			isa = PBXGroup;
			children = (
				D4F3B140193F777800D11DE2 /* SwiftSnake.app */,
				D4F3B152193F777800D11DE2 /* SwiftSnakeTests.xctest */,
			);
			name = Products;
			sourceTree = "<group>";
		};
		D4F3B142193F777800D11DE2 /* SwiftSnake */ = {
			isa = PBXGroup;
			children = (
				D4F3B145193F777800D11DE2 /* AppDelegate.swift */,
				D4F3B147193F777800D11DE2 /* ViewController.swift */,
				D4F3B162193F780C00D11DE2 /* Snake.swift */,
				D4429BE4193FDB7A00F1E910 /* SnakeView.swift */,
				D4F3B14C193F777800D11DE2 /* Images.xcassets */,
				D4F3B143193F777800D11DE2 /* Supporting Files */,
			);
			path = SwiftSnake;
			sourceTree = "<group>";
		};
		D4F3B143193F777800D11DE2 /* Supporting Files */ = {
			isa = PBXGroup;
			children = (
				D4F3B149193F777800D11DE2 /* Main.storyboard */,
				D4F3B144193F777800D11DE2 /* Info.plist */,
			);
			name = "Supporting Files";
			sourceTree = "<group>";
		};
		D4F3B155193F777800D11DE2 /* SwiftSnakeTests */ = {
			isa = PBXGroup;
			children = (
				D4F3B158193F777800D11DE2 /* SwiftSnakeTests.swift */,
				D4F3B156193F777800D11DE2 /* Supporting Files */,
			);
			path = SwiftSnakeTests;
			sourceTree = "<group>";
		};
		D4F3B156193F777800D11DE2 /* Supporting Files */ = {
			isa = PBXGroup;
			children = (
				D4F3B157193F777800D11DE2 /* Info.plist */,
			);
			name = "Supporting Files";
			sourceTree = "<group>";
		};
/* End PBXGroup section */

/* Begin PBXNativeTarget section */
		D4F3B13F193F777800D11DE2 /* SwiftSnake */ = {
			isa = PBXNativeTarget;
			buildConfigurationList = D4F3B15C193F777800D11DE2 /* Build configuration list for PBXNativeTarget "SwiftSnake" */;
			buildPhases = (
				D4F3B13C193F777800D11DE2 /* Sources */,
				D4F3B13D193F777800D11DE2 /* Frameworks */,
				D4F3B13E193F777800D11DE2 /* Resources */,
			);
			buildRules = (
			);
			dependencies = (
			);
			name = SwiftSnake;
			productName = SwiftSnake;
			productReference = D4F3B140193F777800D11DE2 /* SwiftSnake.app */;
			productType = "com.apple.product-type.application";
		};
		D4F3B151193F777800D11DE2 /* SwiftSnakeTests */ = {
			isa = PBXNativeTarget;
			buildConfigurationList = D4F3B15F193F777800D11DE2 /* Build configuration list for PBXNativeTarget "SwiftSnakeTests" */;
			buildPhases = (
				D4F3B14E193F777800D11DE2 /* Sources */,
				D4F3B14F193F777800D11DE2 /* Frameworks */,
				D4F3B150193F777800D11DE2 /* Resources */,
			);
			buildRules = (
			);
			dependencies = (
				D4F3B154193F777800D11DE2 /* PBXTargetDependency */,
			);
			name = SwiftSnakeTests;
			productName = SwiftSnakeTests;
			productReference = D4F3B152193F777800D11DE2 /* SwiftSnakeTests.xctest */;
			productType = "com.apple.product-type.bundle.unit-test";
		};
/* End PBXNativeTarget section */

/* Begin PBXProject section */
		D4F3B138193F777800D11DE2 /* Project object */ = {
			isa = PBXProject;
			attributes = {
				LastUpgradeCheck = 0600;
				ORGANIZATIONNAME = "Weizhong Yang";
				TargetAttributes = {
					D4F3B13F193F777800D11DE2 = {
						CreatedOnToolsVersion = 6.0;
					};
					D4F3B151193F777800D11DE2 = {
						CreatedOnToolsVersion = 6.0;
						TestTargetID = D4F3B13F193F777800D11DE2;
					};
				};
			};
			buildConfigurationList = D4F3B13B193F777800D11DE2 /* Build configuration list for PBXProject "SwiftSnake" */;
			compatibilityVersion = "Xcode 3.2";
			developmentRegion = English;
			hasScannedForEncodings = 0;
			knownRegions = (
				en,
				Base,
			);
			mainGroup = D4F3B137193F777800D11DE2;
			productRefGroup = D4F3B141193F777800D11DE2 /* Products */;
			projectDirPath = "";
			projectRoot = "";
			targets = (
				D4F3B13F193F777800D11DE2 /* SwiftSnake */,
				D4F3B151193F777800D11DE2 /* SwiftSnakeTests */,
			);
		};
/* End PBXProject section */

/* Begin PBXResourcesBuildPhase section */
		D4F3B13E193F777800D11DE2 /* Resources */ = {
			isa = PBXResourcesBuildPhase;
			buildActionMask = 2147483647;
			files = (
				D4F3B14B193F777800D11DE2 /* Main.storyboard in Resources */,
				D4F3B14D193F777800D11DE2 /* Images.xcassets in Resources */,
			);
			runOnlyForDeploymentPostprocessing = 0;
		};
		D4F3B150193F777800D11DE2 /* Resources */ = {
			isa = PBXResourcesBuildPhase;
			buildActionMask = 2147483647;
			files = (
			);
			runOnlyForDeploymentPostprocessing = 0;
		};
/* End PBXResourcesBuildPhase section */

/* Begin PBXSourcesBuildPhase section */
		D4F3B13C193F777800D11DE2 /* Sources */ = {
			isa = PBXSourcesBuildPhase;
			buildActionMask = 2147483647;
			files = (
				D4F3B148193F777800D11DE2 /* ViewController.swift in Sources */,
				D4F3B146193F777800D11DE2 /* AppDelegate.swift in Sources */,
				D4F3B163193F780C00D11DE2 /* Snake.swift in Sources */,
				D4429BE5193FDB7A00F1E910 /* SnakeView.swift in Sources */,
			);
			runOnlyForDeploymentPostprocessing = 0;
		};
		D4F3B14E193F777800D11DE2 /* Sources */ = {
			isa = PBXSourcesBuildPhase;
			buildActionMask = 2147483647;
			files = (
				D4429BE6193FECE400F1E910 /* Snake.swift in Sources */,
				D4F3B159193F777800D11DE2 /* SwiftSnakeTests.swift in Sources */,
			);
			runOnlyForDeploymentPostprocessing = 0;
		};
/* End PBXSourcesBuildPhase section */

/* Begin PBXTargetDependency section */
		D4F3B154193F777800D11DE2 /* PBXTargetDependency */ = {
			isa = PBXTargetDependency;
			target = D4F3B13F193F777800D11DE2 /* SwiftSnake */;
			targetProxy = D4F3B153193F777800D11DE2 /* PBXContainerItemProxy */;
		};
/* End PBXTargetDependency section */

/* Begin PBXVariantGroup section */
		D4F3B149193F777800D11DE2 /* Main.storyboard */ = {
			isa = PBXVariantGroup;
			children = (
				D4F3B14A193F777800D11DE2 /* Base */,
			);
			name = Main.storyboard;
			sourceTree = "<group>";
		};
/* End PBXVariantGroup section */

/* Begin XCBuildConfiguration section */
		D4F3B15A193F777800D11DE2 /* Debug */ = {
			isa = XCBuildConfiguration;
			buildSettings = {
				ALWAYS_SEARCH_USER_PATHS = NO;
				CLANG_CXX_LANGUAGE_STANDARD = "gnu++0x";
				CLANG_CXX_LIBRARY = "libc++";
				CLANG_ENABLE_MODULES = YES;
				CLANG_ENABLE_OBJC_ARC = YES;
				CLANG_WARN_BOOL_CONVERSION = YES;
				CLANG_WARN_CONSTANT_CONVERSION = YES;
				CLANG_WARN_DIRECT_OBJC_ISA_USAGE = YES_ERROR;
				CLANG_WARN_EMPTY_BODY = YES;
				CLANG_WARN_ENUM_CONVERSION = YES;
				CLANG_WARN_INT_CONVERSION = YES;
				CLANG_WARN_OBJC_ROOT_CLASS = YES_ERROR;
				CLANG_WARN_UNREACHABLE_CODE = YES;
				CLANG_WARN__DUPLICATE_METHOD_MATCH = YES;
				"CODE_SIGN_IDENTITY[sdk=iphoneos*]" = "iPhone Developer";
				COPY_PHASE_STRIP = NO;
				ENABLE_STRICT_OBJC_MSGSEND = YES;
				GCC_C_LANGUAGE_STANDARD = gnu99;
				GCC_DYNAMIC_NO_PIC = NO;
				GCC_OPTIMIZATION_LEVEL = 0;
				GCC_PREPROCESSOR_DEFINITIONS = (
					"DEBUG=1",
					"$(inherited)",
				);
				GCC_SYMBOLS_PRIVATE_EXTERN = NO;
				GCC_WARN_64_TO_32_BIT_CONVERSION = YES;
				GCC_WARN_ABOUT_RETURN_TYPE = YES_ERROR;
				GCC_WARN_UNDECLARED_SELECTOR = YES;
				GCC_WARN_UNINITIALIZED_AUTOS = YES_AGGRESSIVE;
				GCC_WARN_UNUSED_FUNCTION = YES;
				GCC_WARN_UNUSED_VARIABLE = YES;
				IPHONEOS_DEPLOYMENT_TARGET = 8.0;
				METAL_ENABLE_DEBUG_INFO = YES;
				ONLY_ACTIVE_ARCH = YES;
				SDKROOT = iphoneos;
				SWIFT_OPTIMIZATION_LEVEL = "-Onone";
			};
			name = Debug;
		};
		D4F3B15B193F777800D11DE2 /* Release */ = {
			isa = XCBuildConfiguration;
			buildSettings = {
				ALWAYS_SEARCH_USER_PATHS = NO;
				CLANG_CXX_LANGUAGE_STANDARD = "gnu++0x";
				CLANG_CXX_LIBRARY = "libc++";
				CLANG_ENABLE_MODULES = YES;
				CLANG_ENABLE_OBJC_ARC = YES;
				CLANG_WARN_BOOL_CONVERSION = YES;
				CLANG_WARN_CONSTANT_CONVERSION = YES;
				CLANG_WARN_DIRECT_OBJC_ISA_USAGE = YES_ERROR;
				CLANG_WARN_EMPTY_BODY = YES;
				CLANG_WARN_ENUM_CONVERSION = YES;
				CLANG_WARN_INT_CONVERSION = YES;
				CLANG_WARN_OBJC_ROOT_CLASS = YES_ERROR;
				CLANG_WARN_UNREACHABLE_CODE = YES;
				CLANG_WARN__DUPLICATE_METHOD_MATCH = YES;
				"CODE_SIGN_IDENTITY[sdk=iphoneos*]" = "iPhone Developer";
				COPY_PHASE_STRIP = YES;
				ENABLE_NS_ASSERTIONS = NO;
				ENABLE_STRICT_OBJC_MSGSEND = YES;
				GCC_C_LANGUAGE_STANDARD = gnu99;
				GCC_WARN_64_TO_32_BIT_CONVERSION = YES;
				GCC_WARN_ABOUT_RETURN_TYPE = YES_ERROR;
				GCC_WARN_UNDECLARED_SELECTOR = YES;
				GCC_WARN_UNINITIALIZED_AUTOS = YES_AGGRESSIVE;
				GCC_WARN_UNUSED_FUNCTION = YES;
				GCC_WARN_UNUSED_VARIABLE = YES;
				IPHONEOS_DEPLOYMENT_TARGET = 8.0;
				METAL_ENABLE_DEBUG_INFO = NO;
				SDKROOT = iphoneos;
				VALIDATE_PRODUCT = YES;
			};
			name = Release;
		};
		D4F3B15D193F777800D11DE2 /* Debug */ = {
			isa = XCBuildConfiguration;
			buildSettings = {
				ASSETCATALOG_COMPILER_APPICON_NAME = AppIcon;
				ASSETCATALOG_COMPILER_LAUNCHIMAGE_NAME = LaunchImage;
				INFOPLIST_FILE = SwiftSnake/Info.plist;
				IPHONEOS_DEPLOYMENT_TARGET = 7.0;
				LD_RUNPATH_SEARCH_PATHS = "$(inherited) @executable_path/Frameworks";
				PRODUCT_NAME = "$(TARGET_NAME)";
				TARGETED_DEVICE_FAMILY = 1;
			};
			name = Debug;
		};
		D4F3B15E193F777800D11DE2 /* Release */ = {
			isa = XCBuildConfiguration;
			buildSettings = {
				ASSETCATALOG_COMPILER_APPICON_NAME = AppIcon;
				ASSETCATALOG_COMPILER_LAUNCHIMAGE_NAME = LaunchImage;
				INFOPLIST_FILE = SwiftSnake/Info.plist;
				IPHONEOS_DEPLOYMENT_TARGET = 7.0;
				LD_RUNPATH_SEARCH_PATHS = "$(inherited) @executable_path/Frameworks";
				PRODUCT_NAME = "$(TARGET_NAME)";
				TARGETED_DEVICE_FAMILY = 1;
			};
			name = Release;
		};
		D4F3B160193F777800D11DE2 /* Debug */ = {
			isa = XCBuildConfiguration;
			buildSettings = {
				BUNDLE_LOADER = "$(BUILT_PRODUCTS_DIR)/SwiftSnake.app/SwiftSnake";
				FRAMEWORK_SEARCH_PATHS = (
					"$(SDKROOT)/Developer/Library/Frameworks",
					"$(inherited)",
				);
				GCC_PREPROCESSOR_DEFINITIONS = (
					"DEBUG=1",
					"$(inherited)",
				);
				INFOPLIST_FILE = SwiftSnakeTests/Info.plist;
				LD_RUNPATH_SEARCH_PATHS = "$(inherited) @executable_path/Frameworks @loader_path/Frameworks";
				METAL_ENABLE_DEBUG_INFO = YES;
				PRODUCT_NAME = "$(TARGET_NAME)";
				TEST_HOST = "$(BUNDLE_LOADER)";
			};
			name = Debug;
		};
		D4F3B161193F777800D11DE2 /* Release */ = {
			isa = XCBuildConfiguration;
			buildSettings = {
				BUNDLE_LOADER = "$(BUILT_PRODUCTS_DIR)/SwiftSnake.app/SwiftSnake";
				FRAMEWORK_SEARCH_PATHS = (
					"$(SDKROOT)/Developer/Library/Frameworks",
					"$(inherited)",
				);
				INFOPLIST_FILE = SwiftSnakeTests/Info.plist;
				LD_RUNPATH_SEARCH_PATHS = "$(inherited) @executable_path/Frameworks @loader_path/Frameworks";
				METAL_ENABLE_DEBUG_INFO = NO;
				PRODUCT_NAME = "$(TARGET_NAME)";
				TEST_HOST = "$(BUNDLE_LOADER)";
			};
			name = Release;
		};
/* End XCBuildConfiguration section */

/* Begin XCConfigurationList section */
		D4F3B13B193F777800D11DE2 /* Build configuration list for PBXProject "SwiftSnake" */ = {
			isa = XCConfigurationList;
			buildConfigurations = (
				D4F3B15A193F777800D11DE2 /* Debug */,
				D4F3B15B193F777800D11DE2 /* Release */,
			);
			defaultConfigurationIsVisible = 0;
			defaultConfigurationName = Release;
		};
		D4F3B15C193F777800D11DE2 /* Build configuration list for PBXNativeTarget "SwiftSnake" */ = {
			isa = XCConfigurationList;
			buildConfigurations = (
				D4F3B15D193F777800D11DE2 /* Debug */,
				D4F3B15E193F777800D11DE2 /* Release */,
			);
			defaultConfigurationIsVisible = 0;
			defaultConfigurationName = Release;
		};
		D4F3B15F193F777800D11DE2 /* Build configuration list for PBXNativeTarget "SwiftSnakeTests" */ = {
			isa = XCConfigurationList;
			buildConfigurations = (
				D4F3B160193F777800D11DE2 /* Debug */,
				D4F3B161193F777800D11DE2 /* Release */,
			);
			defaultConfigurationIsVisible = 0;
			defaultConfigurationName = Release;
		};
/* End XCConfigurationList section */
	};
	rootObject = D4F3B138193F777800D11DE2 /* Project object */;
}
